// !$*UTF8*$!
{
	archiveVersion = 1;
	classes = {
	};
	objectVersion = 55;
	objects = {

/* Begin PBXBuildFile section */
		80DC6775D61DA32CC5E17EA9 /* libPods-Github repository search app.a in Frameworks */ = {isa = PBXBuildFile; fileRef = 63BA61C6C0F9A2EDB7D2717B /* libPods-Github repository search app.a */; };
		CF3F8D9D28109DE800D07CE1 /* SearchResultsViewController.swift in Sources */ = {isa = PBXBuildFile; fileRef = CF3F8D9C28109DE800D07CE1 /* SearchResultsViewController.swift */; };
		CF3F8D9F28109DF600D07CE1 /* SearchResultsViewModel.swift in Sources */ = {isa = PBXBuildFile; fileRef = CF3F8D9E28109DF600D07CE1 /* SearchResultsViewModel.swift */; };
		CF3F8DA128109E4A00D07CE1 /* CommitsHistoryTableViewCell.swift in Sources */ = {isa = PBXBuildFile; fileRef = CF3F8DA028109E4A00D07CE1 /* CommitsHistoryTableViewCell.swift */; };
		CF3F8DA52810AC5F00D07CE1 /* RepoImageView.swift in Sources */ = {isa = PBXBuildFile; fileRef = CF3F8DA42810AC5F00D07CE1 /* RepoImageView.swift */; };
		CF3F8DA72810AC6F00D07CE1 /* RepoDetailsView.swift in Sources */ = {isa = PBXBuildFile; fileRef = CF3F8DA62810AC6F00D07CE1 /* RepoDetailsView.swift */; };
		CF67DD4528060F1B008DCE05 /* SearchViewModel.swift in Sources */ = {isa = PBXBuildFile; fileRef = CF67DD4428060F1B008DCE05 /* SearchViewModel.swift */; };
		CF67DD4728060F38008DCE05 /* BaseViewModel.swift in Sources */ = {isa = PBXBuildFile; fileRef = CF67DD4628060F38008DCE05 /* BaseViewModel.swift */; };
		CF67DD4928060F4C008DCE05 /* ViewModelState.swift in Sources */ = {isa = PBXBuildFile; fileRef = CF67DD4828060F4C008DCE05 /* ViewModelState.swift */; };
		CF67DD4B28060F85008DCE05 /* APIService.swift in Sources */ = {isa = PBXBuildFile; fileRef = CF67DD4A28060F85008DCE05 /* APIService.swift */; };
		CF67DD4D28060FA6008DCE05 /* TargetType.swift in Sources */ = {isa = PBXBuildFile; fileRef = CF67DD4C28060FA6008DCE05 /* TargetType.swift */; };
		CF67DD4F28061135008DCE05 /* SearchService.swift in Sources */ = {isa = PBXBuildFile; fileRef = CF67DD4E28061135008DCE05 /* SearchService.swift */; };
		CF67DD51280611F9008DCE05 /* SearchResource.swift in Sources */ = {isa = PBXBuildFile; fileRef = CF67DD50280611F9008DCE05 /* SearchResource.swift */; };
		CF8A8BC32804BF4700E5B0C7 /* AppDelegate.swift in Sources */ = {isa = PBXBuildFile; fileRef = CF8A8BC22804BF4700E5B0C7 /* AppDelegate.swift */; };
		CF8A8BC72804BF4700E5B0C7 /* SearchViewController.swift in Sources */ = {isa = PBXBuildFile; fileRef = CF8A8BC62804BF4700E5B0C7 /* SearchViewController.swift */; };
		CF8A8BCC2804BF4900E5B0C7 /* Assets.xcassets in Resources */ = {isa = PBXBuildFile; fileRef = CF8A8BCB2804BF4900E5B0C7 /* Assets.xcassets */; };
		CF8A8BCF2804BF4900E5B0C7 /* LaunchScreen.storyboard in Resources */ = {isa = PBXBuildFile; fileRef = CF8A8BCD2804BF4900E5B0C7 /* LaunchScreen.storyboard */; };
		CF8A8BDD2804CBF300E5B0C7 /* AppNavigator.swift in Sources */ = {isa = PBXBuildFile; fileRef = CF8A8BDC2804CBF300E5B0C7 /* AppNavigator.swift */; };
		CF8A8BDF2804CC2000E5B0C7 /* SearchRoutes.swift in Sources */ = {isa = PBXBuildFile; fileRef = CF8A8BDE2804CC2000E5B0C7 /* SearchRoutes.swift */; };
		CF8A8BE12804CC4000E5B0C7 /* Navigator.swift in Sources */ = {isa = PBXBuildFile; fileRef = CF8A8BE02804CC4000E5B0C7 /* Navigator.swift */; };
		CFA2B3E528076099009D9D62 /* SearchRepoModel.swift in Sources */ = {isa = PBXBuildFile; fileRef = CFA2B3E428076099009D9D62 /* SearchRepoModel.swift */; };
		CFA805F92808B07400102F78 /* SearchResultsTableViewCell.swift in Sources */ = {isa = PBXBuildFile; fileRef = CFA805F82808B07400102F78 /* SearchResultsTableViewCell.swift */; };
/* End PBXBuildFile section */

/* Begin PBXFileReference section */
		63BA61C6C0F9A2EDB7D2717B /* libPods-Github repository search app.a */ = {isa = PBXFileReference; explicitFileType = archive.ar; includeInIndex = 0; path = "libPods-Github repository search app.a"; sourceTree = BUILT_PRODUCTS_DIR; };
		A4BD14B53C43258D2C7C4653 /* Pods-Github repository search app.debug.xcconfig */ = {isa = PBXFileReference; includeInIndex = 1; lastKnownFileType = text.xcconfig; name = "Pods-Github repository search app.debug.xcconfig"; path = "Target Support Files/Pods-Github repository search app/Pods-Github repository search app.debug.xcconfig"; sourceTree = "<group>"; };
		CF3F8D9C28109DE800D07CE1 /* SearchResultsViewController.swift */ = {isa = PBXFileReference; lastKnownFileType = sourcecode.swift; path = SearchResultsViewController.swift; sourceTree = "<group>"; };
		CF3F8D9E28109DF600D07CE1 /* SearchResultsViewModel.swift */ = {isa = PBXFileReference; lastKnownFileType = sourcecode.swift; path = SearchResultsViewModel.swift; sourceTree = "<group>"; };
		CF3F8DA028109E4A00D07CE1 /* CommitsHistoryTableViewCell.swift */ = {isa = PBXFileReference; lastKnownFileType = sourcecode.swift; path = CommitsHistoryTableViewCell.swift; sourceTree = "<group>"; };
		CF3F8DA42810AC5F00D07CE1 /* RepoImageView.swift */ = {isa = PBXFileReference; lastKnownFileType = sourcecode.swift; path = RepoImageView.swift; sourceTree = "<group>"; };
		CF3F8DA62810AC6F00D07CE1 /* RepoDetailsView.swift */ = {isa = PBXFileReference; lastKnownFileType = sourcecode.swift; path = RepoDetailsView.swift; sourceTree = "<group>"; };
		CF67DD4428060F1B008DCE05 /* SearchViewModel.swift */ = {isa = PBXFileReference; lastKnownFileType = sourcecode.swift; path = SearchViewModel.swift; sourceTree = "<group>"; };
		CF67DD4628060F38008DCE05 /* BaseViewModel.swift */ = {isa = PBXFileReference; lastKnownFileType = sourcecode.swift; path = BaseViewModel.swift; sourceTree = "<group>"; };
		CF67DD4828060F4C008DCE05 /* ViewModelState.swift */ = {isa = PBXFileReference; lastKnownFileType = sourcecode.swift; path = ViewModelState.swift; sourceTree = "<group>"; };
		CF67DD4A28060F85008DCE05 /* APIService.swift */ = {isa = PBXFileReference; lastKnownFileType = sourcecode.swift; path = APIService.swift; sourceTree = "<group>"; };
		CF67DD4C28060FA6008DCE05 /* TargetType.swift */ = {isa = PBXFileReference; lastKnownFileType = sourcecode.swift; path = TargetType.swift; sourceTree = "<group>"; };
		CF67DD4E28061135008DCE05 /* SearchService.swift */ = {isa = PBXFileReference; lastKnownFileType = sourcecode.swift; path = SearchService.swift; sourceTree = "<group>"; };
		CF67DD50280611F9008DCE05 /* SearchResource.swift */ = {isa = PBXFileReference; lastKnownFileType = sourcecode.swift; path = SearchResource.swift; sourceTree = "<group>"; };
		CF8A8BBF2804BF4700E5B0C7 /* Github repository search app.app */ = {isa = PBXFileReference; explicitFileType = wrapper.application; includeInIndex = 0; path = "Github repository search app.app"; sourceTree = BUILT_PRODUCTS_DIR; };
		CF8A8BC22804BF4700E5B0C7 /* AppDelegate.swift */ = {isa = PBXFileReference; lastKnownFileType = sourcecode.swift; path = AppDelegate.swift; sourceTree = "<group>"; };
		CF8A8BC62804BF4700E5B0C7 /* SearchViewController.swift */ = {isa = PBXFileReference; lastKnownFileType = sourcecode.swift; path = SearchViewController.swift; sourceTree = "<group>"; };
		CF8A8BCB2804BF4900E5B0C7 /* Assets.xcassets */ = {isa = PBXFileReference; lastKnownFileType = folder.assetcatalog; path = Assets.xcassets; sourceTree = "<group>"; };
		CF8A8BCE2804BF4900E5B0C7 /* Base */ = {isa = PBXFileReference; lastKnownFileType = file.storyboard; name = Base; path = Base.lproj/LaunchScreen.storyboard; sourceTree = "<group>"; };
		CF8A8BD02804BF4900E5B0C7 /* Info.plist */ = {isa = PBXFileReference; lastKnownFileType = text.plist.xml; path = Info.plist; sourceTree = "<group>"; };
		CF8A8BDC2804CBF300E5B0C7 /* AppNavigator.swift */ = {isa = PBXFileReference; lastKnownFileType = sourcecode.swift; path = AppNavigator.swift; sourceTree = "<group>"; };
		CF8A8BDE2804CC2000E5B0C7 /* SearchRoutes.swift */ = {isa = PBXFileReference; lastKnownFileType = sourcecode.swift; path = SearchRoutes.swift; sourceTree = "<group>"; };
		CF8A8BE02804CC4000E5B0C7 /* Navigator.swift */ = {isa = PBXFileReference; lastKnownFileType = sourcecode.swift; path = Navigator.swift; sourceTree = "<group>"; };
		CFA2B3E428076099009D9D62 /* SearchRepoModel.swift */ = {isa = PBXFileReference; lastKnownFileType = sourcecode.swift; path = SearchRepoModel.swift; sourceTree = "<group>"; };
		CFA805F82808B07400102F78 /* SearchResultsTableViewCell.swift */ = {isa = PBXFileReference; lastKnownFileType = sourcecode.swift; path = SearchResultsTableViewCell.swift; sourceTree = "<group>"; };
		D2715A329D39599727887FEF /* Pods-Github repository search app.release.xcconfig */ = {isa = PBXFileReference; includeInIndex = 1; lastKnownFileType = text.xcconfig; name = "Pods-Github repository search app.release.xcconfig"; path = "Target Support Files/Pods-Github repository search app/Pods-Github repository search app.release.xcconfig"; sourceTree = "<group>"; };
/* End PBXFileReference section */

/* Begin PBXFrameworksBuildPhase section */
		CF8A8BBC2804BF4700E5B0C7 /* Frameworks */ = {
			isa = PBXFrameworksBuildPhase;
			buildActionMask = 2147483647;
			files = (
				80DC6775D61DA32CC5E17EA9 /* libPods-Github repository search app.a in Frameworks */,
			);
			runOnlyForDeploymentPostprocessing = 0;
		};
/* End PBXFrameworksBuildPhase section */

/* Begin PBXGroup section */
		258044DFA2A38B35A69E1E22 /* Pods */ = {
			isa = PBXGroup;
			children = (
				A4BD14B53C43258D2C7C4653 /* Pods-Github repository search app.debug.xcconfig */,
				D2715A329D39599727887FEF /* Pods-Github repository search app.release.xcconfig */,
			);
			path = Pods;
			sourceTree = "<group>";
		};
		BDC06CEDF5423A911BE67727 /* Frameworks */ = {
			isa = PBXGroup;
			children = (
				63BA61C6C0F9A2EDB7D2717B /* libPods-Github repository search app.a */,
			);
			name = Frameworks;
			sourceTree = "<group>";
		};
		CF8A8BB62804BF4700E5B0C7 = {
			isa = PBXGroup;
			children = (
				CF8A8BC12804BF4700E5B0C7 /* Github repository search app */,
				CF8A8BC02804BF4700E5B0C7 /* Products */,
				258044DFA2A38B35A69E1E22 /* Pods */,
				BDC06CEDF5423A911BE67727 /* Frameworks */,
			);
			sourceTree = "<group>";
		};
		CF8A8BC02804BF4700E5B0C7 /* Products */ = {
			isa = PBXGroup;
			children = (
				CF8A8BBF2804BF4700E5B0C7 /* Github repository search app.app */,
			);
			name = Products;
			sourceTree = "<group>";
		};
		CF8A8BC12804BF4700E5B0C7 /* Github repository search app */ = {
			isa = PBXGroup;
			children = (
				CF8A8BD72804C49D00E5B0C7 /* SearchResults */,
				CF8A8BD62804C46700E5B0C7 /* Search */,
				CF8A8BD82804C4C500E5B0C7 /* Resources */,
				CF8A8BDA2804C4F200E5B0C7 /* Navigators */,
				CF8A8BD92804C4CA00E5B0C7 /* Networking */,
				CF8A8BDB2804C4FA00E5B0C7 /* Others */,
				CF8A8BD02804BF4900E5B0C7 /* Info.plist */,
			);
			path = "Github repository search app";
			sourceTree = "<group>";
		};
		CF8A8BD62804C46700E5B0C7 /* Search */ = {
			isa = PBXGroup;
			children = (
				CF8A8BC62804BF4700E5B0C7 /* SearchViewController.swift */,
				CF67DD4428060F1B008DCE05 /* SearchViewModel.swift */,
				CFA2B3E428076099009D9D62 /* SearchRepoModel.swift */,
				CFA805F82808B07400102F78 /* SearchResultsTableViewCell.swift */,
			);
			path = Search;
			sourceTree = "<group>";
		};
		CF8A8BD72804C49D00E5B0C7 /* SearchResults */ = {
			isa = PBXGroup;
			children = (
				CF3F8D9C28109DE800D07CE1 /* SearchResultsViewController.swift */,
				CF3F8D9E28109DF600D07CE1 /* SearchResultsViewModel.swift */,
				CF3F8DA028109E4A00D07CE1 /* CommitsHistoryTableViewCell.swift */,
				CF3F8DA42810AC5F00D07CE1 /* RepoImageView.swift */,
				CF3F8DA62810AC6F00D07CE1 /* RepoDetailsView.swift */,
			);
			path = SearchResults;
			sourceTree = "<group>";
		};
		CF8A8BD82804C4C500E5B0C7 /* Resources */ = {
			isa = PBXGroup;
			children = (
				CF8A8BC22804BF4700E5B0C7 /* AppDelegate.swift */,
				CF8A8BCB2804BF4900E5B0C7 /* Assets.xcassets */,
				CF8A8BCD2804BF4900E5B0C7 /* LaunchScreen.storyboard */,
			);
			path = Resources;
			sourceTree = "<group>";
		};
		CF8A8BD92804C4CA00E5B0C7 /* Networking */ = {
			isa = PBXGroup;
			children = (
				CF67DD4A28060F85008DCE05 /* APIService.swift */,
				CF67DD4C28060FA6008DCE05 /* TargetType.swift */,
			);
			path = Networking;
			sourceTree = "<group>";
		};
		CF8A8BDA2804C4F200E5B0C7 /* Navigators */ = {
			isa = PBXGroup;
			children = (
				CF8A8BE02804CC4000E5B0C7 /* Navigator.swift */,
				CF8A8BDC2804CBF300E5B0C7 /* AppNavigator.swift */,
				CF8A8BDE2804CC2000E5B0C7 /* SearchRoutes.swift */,
			);
			path = Navigators;
			sourceTree = "<group>";
		};
		CF8A8BDB2804C4FA00E5B0C7 /* Others */ = {
			isa = PBXGroup;
			children = (
				CF67DD4628060F38008DCE05 /* BaseViewModel.swift */,
				CF67DD4828060F4C008DCE05 /* ViewModelState.swift */,
				CF67DD4E28061135008DCE05 /* SearchService.swift */,
				CF67DD50280611F9008DCE05 /* SearchResource.swift */,
			);
			path = Others;
			sourceTree = "<group>";
		};
/* End PBXGroup section */

/* Begin PBXNativeTarget section */
		CF8A8BBE2804BF4700E5B0C7 /* Github repository search app */ = {
			isa = PBXNativeTarget;
			buildConfigurationList = CF8A8BD32804BF4900E5B0C7 /* Build configuration list for PBXNativeTarget "Github repository search app" */;
			buildPhases = (
				8D9C63A7BABE68711072304D /* [CP] Check Pods Manifest.lock */,
				CF8A8BBB2804BF4700E5B0C7 /* Sources */,
				CF8A8BBC2804BF4700E5B0C7 /* Frameworks */,
				CF8A8BBD2804BF4700E5B0C7 /* Resources */,
			);
			buildRules = (
			);
			dependencies = (
			);
			name = "Github repository search app";
			productName = "Github repository search app";
			productReference = CF8A8BBF2804BF4700E5B0C7 /* Github repository search app.app */;
			productType = "com.apple.product-type.application";
		};
/* End PBXNativeTarget section */

/* Begin PBXProject section */
		CF8A8BB72804BF4700E5B0C7 /* Project object */ = {
			isa = PBXProject;
			attributes = {
				BuildIndependentTargetsInParallel = 1;
				LastSwiftUpdateCheck = 1310;
				LastUpgradeCheck = 1310;
				TargetAttributes = {
					CF8A8BBE2804BF4700E5B0C7 = {
						CreatedOnToolsVersion = 13.1;
					};
				};
			};
			buildConfigurationList = CF8A8BBA2804BF4700E5B0C7 /* Build configuration list for PBXProject "Github repository search app" */;
			compatibilityVersion = "Xcode 13.0";
			developmentRegion = en;
			hasScannedForEncodings = 0;
			knownRegions = (
				en,
				Base,
			);
			mainGroup = CF8A8BB62804BF4700E5B0C7;
			productRefGroup = CF8A8BC02804BF4700E5B0C7 /* Products */;
			projectDirPath = "";
			projectRoot = "";
			targets = (
				CF8A8BBE2804BF4700E5B0C7 /* Github repository search app */,
			);
		};
/* End PBXProject section */

/* Begin PBXResourcesBuildPhase section */
		CF8A8BBD2804BF4700E5B0C7 /* Resources */ = {
			isa = PBXResourcesBuildPhase;
			buildActionMask = 2147483647;
			files = (
				CF8A8BCF2804BF4900E5B0C7 /* LaunchScreen.storyboard in Resources */,
				CF8A8BCC2804BF4900E5B0C7 /* Assets.xcassets in Resources */,
			);
			runOnlyForDeploymentPostprocessing = 0;
		};
/* End PBXResourcesBuildPhase section */

/* Begin PBXShellScriptBuildPhase section */
		8D9C63A7BABE68711072304D /* [CP] Check Pods Manifest.lock */ = {
			isa = PBXShellScriptBuildPhase;
			buildActionMask = 2147483647;
			files = (
			);
			inputFileListPaths = (
			);
			inputPaths = (
				"${PODS_PODFILE_DIR_PATH}/Podfile.lock",
				"${PODS_ROOT}/Manifest.lock",
			);
			name = "[CP] Check Pods Manifest.lock";
			outputFileListPaths = (
			);
			outputPaths = (
				"$(DERIVED_FILE_DIR)/Pods-Github repository search app-checkManifestLockResult.txt",
			);
			runOnlyForDeploymentPostprocessing = 0;
			shellPath = /bin/sh;
			shellScript = "diff \"${PODS_PODFILE_DIR_PATH}/Podfile.lock\" \"${PODS_ROOT}/Manifest.lock\" > /dev/null\nif [ $? != 0 ] ; then\n    # print error to STDERR\n    echo \"error: The sandbox is not in sync with the Podfile.lock. Run 'pod install' or update your CocoaPods installation.\" >&2\n    exit 1\nfi\n# This output is used by Xcode 'outputs' to avoid re-running this script phase.\necho \"SUCCESS\" > \"${SCRIPT_OUTPUT_FILE_0}\"\n";
			showEnvVarsInLog = 0;
		};
/* End PBXShellScriptBuildPhase section */

/* Begin PBXSourcesBuildPhase section */
		CF8A8BBB2804BF4700E5B0C7 /* Sources */ = {
			isa = PBXSourcesBuildPhase;
			buildActionMask = 2147483647;
			files = (
				CF8A8BC72804BF4700E5B0C7 /* SearchViewController.swift in Sources */,
				CF67DD4528060F1B008DCE05 /* SearchViewModel.swift in Sources */,
				CF8A8BDF2804CC2000E5B0C7 /* SearchRoutes.swift in Sources */,
				CF8A8BDD2804CBF300E5B0C7 /* AppNavigator.swift in Sources */,
				CF3F8D9D28109DE800D07CE1 /* SearchResultsViewController.swift in Sources */,
				CF8A8BC32804BF4700E5B0C7 /* AppDelegate.swift in Sources */,
				CF67DD4728060F38008DCE05 /* BaseViewModel.swift in Sources */,
				CF67DD4B28060F85008DCE05 /* APIService.swift in Sources */,
				CF8A8BE12804CC4000E5B0C7 /* Navigator.swift in Sources */,
				CF67DD4F28061135008DCE05 /* SearchService.swift in Sources */,
				CF67DD4D28060FA6008DCE05 /* TargetType.swift in Sources */,
				CF3F8DA72810AC6F00D07CE1 /* RepoDetailsView.swift in Sources */,
				CF3F8D9F28109DF600D07CE1 /* SearchResultsViewModel.swift in Sources */,
				CF67DD4928060F4C008DCE05 /* ViewModelState.swift in Sources */,
				CF3F8DA128109E4A00D07CE1 /* CommitsHistoryTableViewCell.swift in Sources */,
				CF67DD51280611F9008DCE05 /* SearchResource.swift in Sources */,
				CFA805F92808B07400102F78 /* SearchResultsTableViewCell.swift in Sources */,
				CF3F8DA52810AC5F00D07CE1 /* RepoImageView.swift in Sources */,
				CFA2B3E528076099009D9D62 /* SearchRepoModel.swift in Sources */,
			);
			runOnlyForDeploymentPostprocessing = 0;
		};
/* End PBXSourcesBuildPhase section */

/* Begin PBXVariantGroup section */
		CF8A8BCD2804BF4900E5B0C7 /* LaunchScreen.storyboard */ = {
			isa = PBXVariantGroup;
			children = (
				CF8A8BCE2804BF4900E5B0C7 /* Base */,
			);
			name = LaunchScreen.storyboard;
			sourceTree = "<group>";
		};
/* End PBXVariantGroup section */

/* Begin XCBuildConfiguration section */
		CF8A8BD12804BF4900E5B0C7 /* Debug */ = {
			isa = XCBuildConfiguration;
			buildSettings = {
				ALWAYS_SEARCH_USER_PATHS = NO;
				CLANG_ANALYZER_NONNULL = YES;
				CLANG_ANALYZER_NUMBER_OBJECT_CONVERSION = YES_AGGRESSIVE;
				CLANG_CXX_LANGUAGE_STANDARD = "gnu++17";
				CLANG_CXX_LIBRARY = "libc++";
				CLANG_ENABLE_MODULES = YES;
				CLANG_ENABLE_OBJC_ARC = YES;
				CLANG_ENABLE_OBJC_WEAK = YES;
				CLANG_WARN_BLOCK_CAPTURE_AUTORELEASING = YES;
				CLANG_WARN_BOOL_CONVERSION = YES;
				CLANG_WARN_COMMA = YES;
				CLANG_WARN_CONSTANT_CONVERSION = YES;
				CLANG_WARN_DEPRECATED_OBJC_IMPLEMENTATIONS = YES;
				CLANG_WARN_DIRECT_OBJC_ISA_USAGE = YES_ERROR;
				CLANG_WARN_DOCUMENTATION_COMMENTS = YES;
				CLANG_WARN_EMPTY_BODY = YES;
				CLANG_WARN_ENUM_CONVERSION = YES;
				CLANG_WARN_INFINITE_RECURSION = YES;
				CLANG_WARN_INT_CONVERSION = YES;
				CLANG_WARN_NON_LITERAL_NULL_CONVERSION = YES;
				CLANG_WARN_OBJC_IMPLICIT_RETAIN_SELF = YES;
				CLANG_WARN_OBJC_LITERAL_CONVERSION = YES;
				CLANG_WARN_OBJC_ROOT_CLASS = YES_ERROR;
				CLANG_WARN_QUOTED_INCLUDE_IN_FRAMEWORK_HEADER = YES;
				CLANG_WARN_RANGE_LOOP_ANALYSIS = YES;
				CLANG_WARN_STRICT_PROTOTYPES = YES;
				CLANG_WARN_SUSPICIOUS_MOVE = YES;
				CLANG_WARN_UNGUARDED_AVAILABILITY = YES_AGGRESSIVE;
				CLANG_WARN_UNREACHABLE_CODE = YES;
				CLANG_WARN__DUPLICATE_METHOD_MATCH = YES;
				COPY_PHASE_STRIP = NO;
				DEBUG_INFORMATION_FORMAT = dwarf;
				ENABLE_STRICT_OBJC_MSGSEND = YES;
				ENABLE_TESTABILITY = YES;
				GCC_C_LANGUAGE_STANDARD = gnu11;
				GCC_DYNAMIC_NO_PIC = NO;
				GCC_NO_COMMON_BLOCKS = YES;
				GCC_OPTIMIZATION_LEVEL = 0;
				GCC_PREPROCESSOR_DEFINITIONS = (
					"DEBUG=1",
					"$(inherited)",
				);
				GCC_WARN_64_TO_32_BIT_CONVERSION = YES;
				GCC_WARN_ABOUT_RETURN_TYPE = YES_ERROR;
				GCC_WARN_UNDECLARED_SELECTOR = YES;
				GCC_WARN_UNINITIALIZED_AUTOS = YES_AGGRESSIVE;
				GCC_WARN_UNUSED_FUNCTION = YES;
				GCC_WARN_UNUSED_VARIABLE = YES;
				IPHONEOS_DEPLOYMENT_TARGET = 15.0;
				MTL_ENABLE_DEBUG_INFO = INCLUDE_SOURCE;
				MTL_FAST_MATH = YES;
				ONLY_ACTIVE_ARCH = YES;
				SDKROOT = iphoneos;
				SWIFT_ACTIVE_COMPILATION_CONDITIONS = DEBUG;
				SWIFT_OPTIMIZATION_LEVEL = "-Onone";
			};
			name = Debug;
		};
		CF8A8BD22804BF4900E5B0C7 /* Release */ = {
			isa = XCBuildConfiguration;
			buildSettings = {
				ALWAYS_SEARCH_USER_PATHS = NO;
				CLANG_ANALYZER_NONNULL = YES;
				CLANG_ANALYZER_NUMBER_OBJECT_CONVERSION = YES_AGGRESSIVE;
				CLANG_CXX_LANGUAGE_STANDARD = "gnu++17";
				CLANG_CXX_LIBRARY = "libc++";
				CLANG_ENABLE_MODULES = YES;
				CLANG_ENABLE_OBJC_ARC = YES;
				CLANG_ENABLE_OBJC_WEAK = YES;
				CLANG_WARN_BLOCK_CAPTURE_AUTORELEASING = YES;
				CLANG_WARN_BOOL_CONVERSION = YES;
				CLANG_WARN_COMMA = YES;
				CLANG_WARN_CONSTANT_CONVERSION = YES;
				CLANG_WARN_DEPRECATED_OBJC_IMPLEMENTATIONS = YES;
				CLANG_WARN_DIRECT_OBJC_ISA_USAGE = YES_ERROR;
				CLANG_WARN_DOCUMENTATION_COMMENTS = YES;
				CLANG_WARN_EMPTY_BODY = YES;
				CLANG_WARN_ENUM_CONVERSION = YES;
				CLANG_WARN_INFINITE_RECURSION = YES;
				CLANG_WARN_INT_CONVERSION = YES;
				CLANG_WARN_NON_LITERAL_NULL_CONVERSION = YES;
				CLANG_WARN_OBJC_IMPLICIT_RETAIN_SELF = YES;
				CLANG_WARN_OBJC_LITERAL_CONVERSION = YES;
				CLANG_WARN_OBJC_ROOT_CLASS = YES_ERROR;
				CLANG_WARN_QUOTED_INCLUDE_IN_FRAMEWORK_HEADER = YES;
				CLANG_WARN_RANGE_LOOP_ANALYSIS = YES;
				CLANG_WARN_STRICT_PROTOTYPES = YES;
				CLANG_WARN_SUSPICIOUS_MOVE = YES;
				CLANG_WARN_UNGUARDED_AVAILABILITY = YES_AGGRESSIVE;
				CLANG_WARN_UNREACHABLE_CODE = YES;
				CLANG_WARN__DUPLICATE_METHOD_MATCH = YES;
				COPY_PHASE_STRIP = NO;
				DEBUG_INFORMATION_FORMAT = "dwarf-with-dsym";
				ENABLE_NS_ASSERTIONS = NO;
				ENABLE_STRICT_OBJC_MSGSEND = YES;
				GCC_C_LANGUAGE_STANDARD = gnu11;
				GCC_NO_COMMON_BLOCKS = YES;
				GCC_WARN_64_TO_32_BIT_CONVERSION = YES;
				GCC_WARN_ABOUT_RETURN_TYPE = YES_ERROR;
				GCC_WARN_UNDECLARED_SELECTOR = YES;
				GCC_WARN_UNINITIALIZED_AUTOS = YES_AGGRESSIVE;
				GCC_WARN_UNUSED_FUNCTION = YES;
				GCC_WARN_UNUSED_VARIABLE = YES;
				IPHONEOS_DEPLOYMENT_TARGET = 15.0;
				MTL_ENABLE_DEBUG_INFO = NO;
				MTL_FAST_MATH = YES;
				SDKROOT = iphoneos;
				SWIFT_COMPILATION_MODE = wholemodule;
				SWIFT_OPTIMIZATION_LEVEL = "-O";
				VALIDATE_PRODUCT = YES;
			};
			name = Release;
		};
		CF8A8BD42804BF4900E5B0C7 /* Debug */ = {
			isa = XCBuildConfiguration;
			baseConfigurationReference = A4BD14B53C43258D2C7C4653 /* Pods-Github repository search app.debug.xcconfig */;
			buildSettings = {
				ASSETCATALOG_COMPILER_APPICON_NAME = AppIcon;
				ASSETCATALOG_COMPILER_GLOBAL_ACCENT_COLOR_NAME = AccentColor;
				CODE_SIGN_STYLE = Automatic;
				CURRENT_PROJECT_VERSION = 1;
				DEVELOPMENT_TEAM = M4948RFH85;
				GENERATE_INFOPLIST_FILE = YES;
				INFOPLIST_FILE = "Github repository search app/Info.plist";
				INFOPLIST_KEY_UIApplicationSupportsIndirectInputEvents = YES;
				INFOPLIST_KEY_UILaunchStoryboardName = LaunchScreen;
				INFOPLIST_KEY_UIMainStoryboardFile = LaunchScreen;
				INFOPLIST_KEY_UISupportedInterfaceOrientations = "UIInterfaceOrientationPortrait UIInterfaceOrientationPortraitUpsideDown";
				INFOPLIST_KEY_UISupportedInterfaceOrientations_iPad = "UIInterfaceOrientationPortrait UIInterfaceOrientationPortraitUpsideDown UIInterfaceOrientationLandscapeLeft UIInterfaceOrientationLandscapeRight";
				INFOPLIST_KEY_UISupportedInterfaceOrientations_iPhone = "UIInterfaceOrientationPortrait UIInterfaceOrientationLandscapeLeft UIInterfaceOrientationLandscapeRight";
				LD_RUNPATH_SEARCH_PATHS = (
					"$(inherited)",
					"@executable_path/Frameworks",
				);
				MARKETING_VERSION = 1.0;
				PRODUCT_BUNDLE_IDENTIFIER = "com.erykgasiorowski.Github-repository-search-app";
				PRODUCT_NAME = "$(TARGET_NAME)";
				SWIFT_EMIT_LOC_STRINGS = YES;
				SWIFT_VERSION = 5.0;
				TARGETED_DEVICE_FAMILY = "1,2";
			};
			name = Debug;
		};
		CF8A8BD52804BF4900E5B0C7 /* Release */ = {
			isa = XCBuildConfiguration;
			baseConfigurationReference = D2715A329D39599727887FEF /* Pods-Github repository search app.release.xcconfig */;
			buildSettings = {
				ASSETCATALOG_COMPILER_APPICON_NAME = AppIcon;
				ASSETCATALOG_COMPILER_GLOBAL_ACCENT_COLOR_NAME = AccentColor;
				CODE_SIGN_STYLE = Automatic;
				CURRENT_PROJECT_VERSION = 1;
				DEVELOPMENT_TEAM = M4948RFH85;
				GENERATE_INFOPLIST_FILE = YES;
				INFOPLIST_FILE = "Github repository search app/Info.plist";
				INFOPLIST_KEY_UIApplicationSupportsIndirectInputEvents = YES;
				INFOPLIST_KEY_UILaunchStoryboardName = LaunchScreen;
				INFOPLIST_KEY_UIMainStoryboardFile = LaunchScreen;
				INFOPLIST_KEY_UISupportedInterfaceOrientations = "UIInterfaceOrientationPortrait UIInterfaceOrientationPortraitUpsideDown";
				INFOPLIST_KEY_UISupportedInterfaceOrientations_iPad = "UIInterfaceOrientationPortrait UIInterfaceOrientationPortraitUpsideDown UIInterfaceOrientationLandscapeLeft UIInterfaceOrientationLandscapeRight";
				INFOPLIST_KEY_UISupportedInterfaceOrientations_iPhone = "UIInterfaceOrientationPortrait UIInterfaceOrientationLandscapeLeft UIInterfaceOrientationLandscapeRight";
				LD_RUNPATH_SEARCH_PATHS = (
					"$(inherited)",
					"@executable_path/Frameworks",
				);
				MARKETING_VERSION = 1.0;
				PRODUCT_BUNDLE_IDENTIFIER = "com.erykgasiorowski.Github-repository-search-app";
				PRODUCT_NAME = "$(TARGET_NAME)";
				SWIFT_EMIT_LOC_STRINGS = YES;
				SWIFT_VERSION = 5.0;
				TARGETED_DEVICE_FAMILY = "1,2";
			};
			name = Release;
		};
/* End XCBuildConfiguration section */

/* Begin XCConfigurationList section */
		CF8A8BBA2804BF4700E5B0C7 /* Build configuration list for PBXProject "Github repository search app" */ = {
			isa = XCConfigurationList;
			buildConfigurations = (
				CF8A8BD12804BF4900E5B0C7 /* Debug */,
				CF8A8BD22804BF4900E5B0C7 /* Release */,
			);
			defaultConfigurationIsVisible = 0;
			defaultConfigurationName = Release;
		};
		CF8A8BD32804BF4900E5B0C7 /* Build configuration list for PBXNativeTarget "Github repository search app" */ = {
			isa = XCConfigurationList;
			buildConfigurations = (
				CF8A8BD42804BF4900E5B0C7 /* Debug */,
				CF8A8BD52804BF4900E5B0C7 /* Release */,
			);
			defaultConfigurationIsVisible = 0;
			defaultConfigurationName = Release;
		};
/* End XCConfigurationList section */
	};
	rootObject = CF8A8BB72804BF4700E5B0C7 /* Project object */;
}
